
Microsoft Visual Studio Solution File, Format Version 12.00
# Visual Studio 14
VisualStudioVersion = 14.0.25123.0
MinimumVisualStudioVersion = 10.0.40219.1
Project("{FAE04EC0-301F-11D3-BF4B-00C04F79EFBC}") = "UnFolder", "UnFolder\UnFolder.csproj", "{BDA4B9C1-299E-4790-806E-50F1EE1537E9}"
EndProject
Project("{930C7802-8A8C-48F9-8165-68863BCCD9DD}") = "Setup", "Setup\Setup.wixproj", "{DA9241D4-7C73-40D3-A4C5-B68857C8BFD2}"
EndProject
Global
	GlobalSection(SolutionConfigurationPlatforms) = preSolution
		Debug|Any CPU = Debug|Any CPU
		Debug|x86 = Debug|x86
		Release|Any CPU = Release|Any CPU
		Release|x86 = Release|x86
	EndGlobalSection
	GlobalSection(ProjectConfigurationPlatforms) = postSolution
		{BDA4B9C1-299E-4790-806E-50F1EE1537E9}.Debug|Any CPU.ActiveCfg = Debug|Any CPU
		{BDA4B9C1-299E-4790-806E-50F1EE1537E9}.Debug|Any CPU.Build.0 = Debug|Any CPU
		{BDA4B9C1-299E-4790-806E-50F1EE1537E9}.Debug|x86.ActiveCfg = Debug|Any CPU
		{BDA4B9C1-299E-4790-806E-50F1EE1537E9}.Debug|x86.Build.0 = Debug|Any CPU
		{BDA4B9C1-299E-4790-806E-50F1EE1537E9}.Release|Any CPU.ActiveCfg = Release|Any CPU
		{BDA4B9C1-299E-4790-806E-50F1EE1537E9}.Release|Any CPU.Build.0 = Release|Any CPU
		{BDA4B9C1-299E-4790-806E-50F1EE1537E9}.Release|x86.ActiveCfg = Release|Any CPU
		{BDA4B9C1-299E-4790-806E-50F1EE1537E9}.Release|x86.Build.0 = Release|Any CPU
		{DA9241D4-7C73-40D3-A4C5-B68857C8BFD2}.Debug|Any CPU.ActiveCfg = Debug|x86
		{DA9241D4-7C73-40D3-A4C5-B68857C8BFD2}.Debug|x86.ActiveCfg = Debug|x86
		{DA9241D4-7C73-40D3-A4C5-B68857C8BFD2}.Debug|x86.Build.0 = Debug|x86
		{DA9241D4-7C73-40D3-A4C5-B68857C8BFD2}.Release|Any CPU.ActiveCfg = Release|x86
		{DA9241D4-7C73-40D3-A4C5-B68857C8BFD2}.Release|x86.ActiveCfg = Release|x86
		{DA9241D4-7C73-40D3-A4C5-B68857C8BFD2}.Release|x86.Build.0 = Release|x86
	EndGlobalSection
	GlobalSection(SolutionProperties) = preSolution
		HideSolutionNode = FALSE
	EndGlobalSection
EndGlobal
